{
    "_readme": [
        "This file locks the dependencies of your project to a known state",
        "Read more about it at https://getcomposer.org/doc/01-basic-usage.md#installing-dependencies",
        "This file is @generated automatically"
    ],
    "content-hash": "9f8a964447c2bbfa3d469a004a13982f",
    "packages": [
        {
            "name": "utanvet-ellenor/client-php",
            "version": "2.1.0",
            "source": {
                "type": "git",
                "url": "https://github.com/utanvet-ellenor/client-php.git",
                "reference": "fd69a173130a406dc5e9067353a819bd5ef66e45"
            },
            "dist": {
                "type": "zip",
                "url": "https://api.github.com/repos/utanvet-ellenor/client-php/zipball/fd69a173130a406dc5e9067353a819bd5ef66e45",
                "reference": "fd69a173130a406dc5e9067353a819bd5ef66e45",
                "shasum": ""
            },
            "require": {
                "php": ">=7.4 || >=8.0"
            },
            "type": "library",
            "autoload": {
                "psr-4": {
                    "UtanvetEllenor\\": "src"
                }
            },
            "notification-url": "https://packagist.org/downloads/",
            "license": [
                "MIT"
            ],
            "authors": [
                {
                    "name": "Utánvét Ellenőr",
                    "email": "hello@utanvet-ellenor.hu",
                    "homepage": "https://utanvet-ellenor.hu"
                }
            ],
            "description": "Utánvét Ellenőr PHP client library",
            "support": {
                "source": "https://github.com/utanvet-ellenor/client-php/tree/2.1.0"
            },
            "time": "2024-11-27T20:23:20+00:00"
        }
    ],
    "packages-dev": [],
    "aliases": [],
    "minimum-stability": "stable",
    "stability-flags": {},
    "prefer-stable": false,
    "prefer-lowest": false,
    "platform": {},
    "platform-dev": {},
    "plugin-api-version": "2.6.0"
}
